{
  "lockfile_version": "1",
  "packages": {
    "SDL2@2.30.4": {
      "last_modified": "2024-07-31T08:48:38Z",
      "resolved": "github:NixOS/nixpkgs/c3392ad349a5227f4a3464dce87bcc5046692fce#SDL2",
      "source": "devbox-search",
      "version": "2.30.4",
      "systems": {
        "aarch64-darwin": {
          "outputs": [
            {
              "name": "out",
              "path": "/nix/store/ynmv3pbv04bp9x6zvclb0s6355ylkzwp-SDL2-2.30.4",
              "default": true
            },
            {
              "name": "dev",
              "path": "/nix/store/lpy52aqjbnwqd5vd6lzxvkmaj1mdq9nm-SDL2-2.30.4-dev"
            }
          ],
          "store_path": "/nix/store/ynmv3pbv04bp9x6zvclb0s6355ylkzwp-SDL2-2.30.4"
        },
        "aarch64-linux": {
          "outputs": [
            {
              "name": "out",
              "path": "/nix/store/zsgjjhvfgjx3v6y86cf9f34qc98ccizf-SDL2-2.30.4",
              "default": true
            },
            {
              "name": "dev",
              "path": "/nix/store/8xsgb2lhq2h9b4h4k083qrj37si5jrzf-SDL2-2.30.4-dev"
            }
          ],
          "store_path": "/nix/store/zsgjjhvfgjx3v6y86cf9f34qc98ccizf-SDL2-2.30.4"
        },
        "x86_64-darwin": {
          "outputs": [
            {
              "name": "out",
              "path": "/nix/store/x1yqfmvppq2ryzj834083m7642lf0vcy-SDL2-2.30.4",
              "default": true
            },
            {
              "name": "dev",
              "path": "/nix/store/l70nccr0336njdksvvpifmnamryrw62l-SDL2-2.30.4-dev"
            }
          ],
          "store_path": "/nix/store/x1yqfmvppq2ryzj834083m7642lf0vcy-SDL2-2.30.4"
        },
        "x86_64-linux": {
          "outputs": [
            {
              "name": "out",
              "path": "/nix/store/4rj502mhddvdmgcbwlj6nwslpq5rhsrk-SDL2-2.30.4",
              "default": true
            },
            {
              "name": "dev",
              "path": "/nix/store/l0akhzx1ixxqgap1j65mx3zxjqg6kkk4-SDL2-2.30.4-dev"
            }
          ],
          "store_path": "/nix/store/4rj502mhddvdmgcbwlj6nwslpq5rhsrk-SDL2-2.30.4"
        }
      }
    },
    "SDL2_image@2.8.2": {
      "last_modified": "2024-08-31T10:12:23Z",
      "resolved": "github:NixOS/nixpkgs/5629520edecb69630a3f4d17d3d33fc96c13f6fe#SDL2_image",
      "source": "devbox-search",
      "version": "2.8.2",
      "systems": {
        "aarch64-darwin": {
          "outputs": [
            {
              "name": "out",
              "path": "/nix/store/nwydhjr81cdj02r11wbifjhmpcg55zi8-SDL2_image-2.8.2",
              "default": true
            }
          ],
          "store_path": "/nix/store/nwydhjr81cdj02r11wbifjhmpcg55zi8-SDL2_image-2.8.2"
        },
        "aarch64-linux": {
          "outputs": [
            {
              "name": "out",
              "path": "/nix/store/3kfvc5gh60jrg013c439v04l0vqj4qkc-SDL2_image-2.8.2",
              "default": true
            }
          ],
          "store_path": "/nix/store/3kfvc5gh60jrg013c439v04l0vqj4qkc-SDL2_image-2.8.2"
        },
        "x86_64-darwin": {
          "outputs": [
            {
              "name": "out",
              "path": "/nix/store/rsl0sd27mnv607lwwsc4d4ppm533822b-SDL2_image-2.8.2",
              "default": true
            }
          ],
          "store_path": "/nix/store/rsl0sd27mnv607lwwsc4d4ppm533822b-SDL2_image-2.8.2"
        },
        "x86_64-linux": {
          "outputs": [
            {
              "name": "out",
              "path": "/nix/store/cgm1q4n2jc79p51p7cmpc2nwwxy39mw7-SDL2_image-2.8.2",
              "default": true
            }
          ],
          "store_path": "/nix/store/cgm1q4n2jc79p51p7cmpc2nwwxy39mw7-SDL2_image-2.8.2"
        }
      }
    },
    "SDL2_ttf@2.22.0": {
      "last_modified": "2024-08-31T10:12:23Z",
      "resolved": "github:NixOS/nixpkgs/5629520edecb69630a3f4d17d3d33fc96c13f6fe#SDL2_ttf",
      "source": "devbox-search",
      "version": "2.22.0",
      "systems": {
        "aarch64-darwin": {
          "outputs": [
            {
              "name": "out",
              "path": "/nix/store/gqy7hdvcj1nr5hl505y36j0521pvgb16-SDL2_ttf-2.22.0",
              "default": true
            }
          ],
          "store_path": "/nix/store/gqy7hdvcj1nr5hl505y36j0521pvgb16-SDL2_ttf-2.22.0"
        },
        "aarch64-linux": {
          "outputs": [
            {
              "name": "out",
              "path": "/nix/store/n5dba7n80h59yldypblx4f6sh9jkfiy1-SDL2_ttf-2.22.0",
              "default": true
            }
          ],
          "store_path": "/nix/store/n5dba7n80h59yldypblx4f6sh9jkfiy1-SDL2_ttf-2.22.0"
        },
        "x86_64-darwin": {
          "outputs": [
            {
              "name": "out",
              "path": "/nix/store/i0i6cf7kg67qc448crj5vsqn3ly0abj1-SDL2_ttf-2.22.0",
              "default": true
            }
          ],
          "store_path": "/nix/store/i0i6cf7kg67qc448crj5vsqn3ly0abj1-SDL2_ttf-2.22.0"
        },
        "x86_64-linux": {
          "outputs": [
            {
              "name": "out",
              "path": "/nix/store/7gsgjgqcs65ik0dj8byn0midqhdxnkfn-SDL2_ttf-2.22.0",
              "default": true
            }
          ],
          "store_path": "/nix/store/7gsgjgqcs65ik0dj8byn0midqhdxnkfn-SDL2_ttf-2.22.0"
        }
      }
    },
    "nim@2.0.4": {
      "last_modified": "2024-07-11T08:49:09Z",
      "resolved": "github:NixOS/nixpkgs/6af55cb91ca2005516b9562f707bb99c8f79bf77#nim",
      "source": "devbox-search",
      "version": "2.0.4",
      "systems": {
        "aarch64-darwin": {
          "outputs": [
            {
              "name": "out",
              "path": "/nix/store/11bwdyrpcld2qiyliscsa345ard0717p-aarch64-apple-darwin-nim-wrapper-2.0.4",
              "default": true
            }
          ],
          "store_path": "/nix/store/11bwdyrpcld2qiyliscsa345ard0717p-aarch64-apple-darwin-nim-wrapper-2.0.4"
        },
        "aarch64-linux": {
          "outputs": [
            {
              "name": "out",
              "path": "/nix/store/rga680nijglzg0zyjqad1ii39hb2b4zm-aarch64-unknown-linux-gnu-nim-wrapper-2.0.4",
              "default": true
            }
          ],
          "store_path": "/nix/store/rga680nijglzg0zyjqad1ii39hb2b4zm-aarch64-unknown-linux-gnu-nim-wrapper-2.0.4"
        },
        "x86_64-darwin": {
          "outputs": [
            {
              "name": "out",
              "path": "/nix/store/xa5qxvcgjzb65yip040wzjqvjjzzbac8-x86_64-apple-darwin-nim-wrapper-2.0.4",
              "default": true
            }
          ],
          "store_path": "/nix/store/xa5qxvcgjzb65yip040wzjqvjjzzbac8-x86_64-apple-darwin-nim-wrapper-2.0.4"
        },
        "x86_64-linux": {
          "outputs": [
            {
              "name": "out",
              "path": "/nix/store/fbi9xnbjdigln21qzhv7cmf7p4vz55fj-x86_64-unknown-linux-gnu-nim-wrapper-2.0.4",
              "default": true
            }
          ],
          "store_path": "/nix/store/fbi9xnbjdigln21qzhv7cmf7p4vz55fj-x86_64-unknown-linux-gnu-nim-wrapper-2.0.4"
        }
      }
    },
    "nimble@0.14.2": {
      "last_modified": "2024-05-22T06:18:38Z",
      "resolved": "github:NixOS/nixpkgs/3f316d2a50699a78afe5e77ca486ad553169061e#nimble",
      "source": "devbox-search",
      "version": "0.14.2",
      "systems": {
        "aarch64-darwin": {
          "outputs": [
            {
              "name": "out",
              "path": "/nix/store/9i709ipp53hx64fpl7zsyba5mbnj1ph7-nimble-0.14.2",
              "default": true
            }
          ],
          "store_path": "/nix/store/9i709ipp53hx64fpl7zsyba5mbnj1ph7-nimble-0.14.2"
        },
        "aarch64-linux": {
          "outputs": [
            {
              "name": "out",
              "path": "/nix/store/5z73n6rqi605n1vjkynx8i5bklc72s2j-nimble-0.14.2",
              "default": true
            }
          ],
          "store_path": "/nix/store/5z73n6rqi605n1vjkynx8i5bklc72s2j-nimble-0.14.2"
        },
        "x86_64-darwin": {
          "outputs": [
            {
              "name": "out",
              "path": "/nix/store/qx45hm8vyh9if4mh7pcm8n64q22rz094-nimble-0.14.2",
              "default": true
            }
          ],
          "store_path": "/nix/store/qx45hm8vyh9if4mh7pcm8n64q22rz094-nimble-0.14.2"
        },
        "x86_64-linux": {
          "outputs": [
            {
              "name": "out",
              "path": "/nix/store/q5i99p78fhyb2dyw1virds9jjd2f4qh6-nimble-0.14.2",
              "default": true
            }
          ],
          "store_path": "/nix/store/q5i99p78fhyb2dyw1virds9jjd2f4qh6-nimble-0.14.2"
        }
      }
    }
  }
}
